
Microsoft Visual Studio Solution File, Format Version 12.00
# Visual Studio Version 17
VisualStudioVersion = 17.0.32126.317
MinimumVisualStudioVersion = 10.0.40219.1
Project("{FAE04EC0-301F-11D3-BF4B-00C04F79EFBC}") = "ADASOFT", "ADASOFT\ADASOFT.csproj", "{EC0AA226-653D-4869-AB78-CA26F3E22E9A}"
EndProject
Global
	GlobalSection(SolutionConfigurationPlatforms) = preSolution
		Debug|Any CPU = Debug|Any CPU
		Release|Any CPU = Release|Any CPU
	EndGlobalSection
	GlobalSection(ProjectConfigurationPlatforms) = postSolution
		{EC0AA226-653D-4869-AB78-CA26F3E22E9A}.Debug|Any CPU.ActiveCfg = Debug|Any CPU
		{EC0AA226-653D-4869-AB78-CA26F3E22E9A}.Debug|Any CPU.Build.0 = Debug|Any CPU
		{EC0AA226-653D-4869-AB78-CA26F3E22E9A}.Release|Any CPU.ActiveCfg = Release|Any CPU
		{EC0AA226-653D-4869-AB78-CA26F3E22E9A}.Release|Any CPU.Build.0 = Release|Any CPU
	EndGlobalSection
	GlobalSection(SolutionProperties) = preSolution
		HideSolutionNode = FALSE
	EndGlobalSection
	GlobalSection(ExtensibilityGlobals) = postSolution
		SolutionGuid = {825B47A4-5ECF-4ACC-B2D6-88B3434D09E7}
	EndGlobalSection
EndGlobal
